
Microsoft Visual Studio Solution File, Format Version 12.00
# Visual Studio Version 16
VisualStudioVersion = 16.0.28701.123
MinimumVisualStudioVersion = 10.0.40219.1
Project("{9A19103F-16F7-4668-BE54-9A1E7A4F7556}") = "DesignPatterns", "DesignPatterns.csproj", "{CA3307E4-0B3F-402F-B186-BC5929486916}"
EndProject
Global
	GlobalSection(SolutionConfigurationPlatforms) = preSolution
		Debug|Any CPU = Debug|Any CPU
		Release|Any CPU = Release|Any CPU
	EndGlobalSection
	GlobalSection(ProjectConfigurationPlatforms) = postSolution
		{CA3307E4-0B3F-402F-B186-BC5929486916}.Debug|Any CPU.ActiveCfg = Debug|Any CPU
		{CA3307E4-0B3F-402F-B186-BC5929486916}.Debug|Any CPU.Build.0 = Debug|Any CPU
		{CA3307E4-0B3F-402F-B186-BC5929486916}.Release|Any CPU.ActiveCfg = Release|Any CPU
		{CA3307E4-0B3F-402F-B186-BC5929486916}.Release|Any CPU.Build.0 = Release|Any CPU
	EndGlobalSection
	GlobalSection(SolutionProperties) = preSolution
		HideSolutionNode = FALSE
	EndGlobalSection
	GlobalSection(ExtensibilityGlobals) = postSolution
		SolutionGuid = {5BD93900-F4D7-4176-948F-4CA483C8D759}
	EndGlobalSection
EndGlobal
